// !$*UTF8*$!
{
	archiveVersion = 1;
	classes = {
	};
	objectVersion = 51;
	objects = {

/* Begin PBXBuildFile section */
		BC0A64FC5ED9D01A1D4D270C /* Pods_moat.framework in Frameworks */ = {isa = PBXBuildFile; fileRef = A4B4F4D90BA92FC1F4C1F5E5 /* Pods_moat.framework */; };
		DD0D6285267E7BB60021B988 /* UrlImageView.swift in Sources */ = {isa = PBXBuildFile; fileRef = DD0D6284267E7BB60021B988 /* UrlImageView.swift */; };
		DD45CC07267B4A28000B0A99 /* FeedsView.swift in Sources */ = {isa = PBXBuildFile; fileRef = DD45CC06267B4A28000B0A99 /* FeedsView.swift */; };
		DD45CC0B267B4AAC000B0A99 /* RssItem.swift in Sources */ = {isa = PBXBuildFile; fileRef = DD45CC09267B4AAC000B0A99 /* RssItem.swift */; };
		DD45CC0C267B4AAC000B0A99 /* RssFeed.swift in Sources */ = {isa = PBXBuildFile; fileRef = DD45CC0A267B4AAC000B0A99 /* RssFeed.swift */; };
		DD6A3E0F267F273E005CD6DB /* String+matches.swift in Sources */ = {isa = PBXBuildFile; fileRef = DD6A3E0E267F273E005CD6DB /* String+matches.swift */; };
		DD6A3E11267F3EF0005CD6DB /* ImageLoader.swift in Sources */ = {isa = PBXBuildFile; fileRef = DD6A3E10267F3EF0005CD6DB /* ImageLoader.swift */; };
		DD6A3E13267F4037005CD6DB /* FeedLogoView.swift in Sources */ = {isa = PBXBuildFile; fileRef = DD6A3E12267F4037005CD6DB /* FeedLogoView.swift */; };
		DD6F23F226872BF40008D549 /* ItemButtonView.swift in Sources */ = {isa = PBXBuildFile; fileRef = DD6F23F126872BF40008D549 /* ItemButtonView.swift */; };
		DD6F23F4268733560008D549 /* ServerResponse.swift in Sources */ = {isa = PBXBuildFile; fileRef = DD6F23F3268733560008D549 /* ServerResponse.swift */; };
		DD7139A326887E0B0042F9AE /* ItemThumbnailView.swift in Sources */ = {isa = PBXBuildFile; fileRef = DD7139A226887E0B0042F9AE /* ItemThumbnailView.swift */; };
		DD7C3070267DCB1500D88DD1 /* ActionBarView.swift in Sources */ = {isa = PBXBuildFile; fileRef = DD7C306F267DCB1400D88DD1 /* ActionBarView.swift */; };
		DD7C3072267DCD9F00D88DD1 /* ApiWrapper.swift in Sources */ = {isa = PBXBuildFile; fileRef = DD7C3071267DCD9F00D88DD1 /* ApiWrapper.swift */; };
		DD7C3074267DD40800D88DD1 /* RssItemRowView.swift in Sources */ = {isa = PBXBuildFile; fileRef = DD7C3073267DD40800D88DD1 /* RssItemRowView.swift */; };
		DD80E6E0267CA6C7003B686A /* Util.swift in Sources */ = {isa = PBXBuildFile; fileRef = DD80E6DF267CA6C7003B686A /* Util.swift */; };
		DD85F22C267D29FD00561D97 /* ObservableArray.swift in Sources */ = {isa = PBXBuildFile; fileRef = DD85F22B267D29FD00561D97 /* ObservableArray.swift */; };
		DD85F230267D370F00561D97 /* AlertState.swift in Sources */ = {isa = PBXBuildFile; fileRef = DD85F22F267D370F00561D97 /* AlertState.swift */; };
		DD879A5F269093BC0058D01C /* SettingsTextField.swift in Sources */ = {isa = PBXBuildFile; fileRef = DD879A5E269093BC0058D01C /* SettingsTextField.swift */; };
		DD88D79D267CED0800BA6E91 /* RssFeedRowView.swift in Sources */ = {isa = PBXBuildFile; fileRef = DD88D79B267CED0800BA6E91 /* RssFeedRowView.swift */; };
		DD88D79E267CED0800BA6E91 /* SearchView.swift in Sources */ = {isa = PBXBuildFile; fileRef = DD88D79C267CED0800BA6E91 /* SearchView.swift */; };
		DD88D7A0267CEE8F00BA6E91 /* ItemsView.swift in Sources */ = {isa = PBXBuildFile; fileRef = DD88D79F267CEE8F00BA6E91 /* ItemsView.swift */; };
		DD88D7A2267CF38000BA6E91 /* String+base64.swift in Sources */ = {isa = PBXBuildFile; fileRef = DD88D7A1267CF38000BA6E91 /* String+base64.swift */; };
		DD9150F9267FCD7000F622C0 /* ServerConnectionError.swift in Sources */ = {isa = PBXBuildFile; fileRef = DD9150F8267FCD7000F622C0 /* ServerConnectionError.swift */; };
		DD939A202671FF970010BF19 /* SpriteSheet.swift in Sources */ = {isa = PBXBuildFile; fileRef = DD939A1F2671FF970010BF19 /* SpriteSheet.swift */; };
		DD939A2426727D920010BF19 /* SpriteScene.swift in Sources */ = {isa = PBXBuildFile; fileRef = DD939A2326727D920010BF19 /* SpriteScene.swift */; };
		DD939A262672A9370010BF19 /* Config.swift in Sources */ = {isa = PBXBuildFile; fileRef = DD939A252672A9370010BF19 /* Config.swift */; };
		DDA951F82670F139003D760D /* LoadingView.swift in Sources */ = {isa = PBXBuildFile; fileRef = DDA951F72670F139003D760D /* LoadingView.swift */; };
		DDA951FA2670F13B003D760D /* Assets.xcassets in Resources */ = {isa = PBXBuildFile; fileRef = DDA951F92670F13B003D760D /* Assets.xcassets */; };
		DDA952082670F13B003D760D /* moatTests.swift in Sources */ = {isa = PBXBuildFile; fileRef = DDA952072670F13B003D760D /* moatTests.swift */; };
		DDA952132670F13B003D760D /* moatUITests.swift in Sources */ = {isa = PBXBuildFile; fileRef = DDA952122670F13B003D760D /* moatUITests.swift */; };
		DDD1585E267F4A60007B7D1E /* YtLogosApi.swift in Sources */ = {isa = PBXBuildFile; fileRef = DDD1585D267F4A60007B7D1E /* YtLogosApi.swift */; };
		DDD15860267F526D007B7D1E /* LoadingTextView.swift in Sources */ = {isa = PBXBuildFile; fileRef = DDD1585F267F526D007B7D1E /* LoadingTextView.swift */; };
		DDD15862267F6950007B7D1E /* InputField+customStyle.swift in Sources */ = {isa = PBXBuildFile; fileRef = DDD15861267F6950007B7D1E /* InputField+customStyle.swift */; };
		DDD6E183267361CD0039A899 /* Color+hex.swift in Sources */ = {isa = PBXBuildFile; fileRef = DDD6E182267361CD0039A899 /* Color+hex.swift */; };
		DDF203E3268BB62B00B85F83 /* moatApp.swift in Sources */ = {isa = PBXBuildFile; fileRef = DDF203E2268BB62B00B85F83 /* moatApp.swift */; };
		DDFB1314267C89B10033528E /* SettingsView.swift in Sources */ = {isa = PBXBuildFile; fileRef = DDFB1313267C89B10033528E /* SettingsView.swift */; };
/* End PBXBuildFile section */

/* Begin PBXContainerItemProxy section */
		DDA952042670F13B003D760D /* PBXContainerItemProxy */ = {
			isa = PBXContainerItemProxy;
			containerPortal = DDA951EA2670F139003D760D /* Project object */;
			proxyType = 1;
			remoteGlobalIDString = DDA951F12670F139003D760D;
			remoteInfo = moat;
		};
		DDA9520F2670F13B003D760D /* PBXContainerItemProxy */ = {
			isa = PBXContainerItemProxy;
			containerPortal = DDA951EA2670F139003D760D /* Project object */;
			proxyType = 1;
			remoteGlobalIDString = DDA951F12670F139003D760D;
			remoteInfo = moat;
		};
/* End PBXContainerItemProxy section */

/* Begin PBXFileReference section */
		07994357D446971DE3717A10 /* Pods-moat.debug.xcconfig */ = {isa = PBXFileReference; includeInIndex = 1; lastKnownFileType = text.xcconfig; name = "Pods-moat.debug.xcconfig"; path = "Target Support Files/Pods-moat/Pods-moat.debug.xcconfig"; sourceTree = "<group>"; };
		872E42D68DFCD786EBA4929B /* Pods-moat.release.xcconfig */ = {isa = PBXFileReference; includeInIndex = 1; lastKnownFileType = text.xcconfig; name = "Pods-moat.release.xcconfig"; path = "Target Support Files/Pods-moat/Pods-moat.release.xcconfig"; sourceTree = "<group>"; };
		A4B4F4D90BA92FC1F4C1F5E5 /* Pods_moat.framework */ = {isa = PBXFileReference; explicitFileType = wrapper.framework; includeInIndex = 0; path = Pods_moat.framework; sourceTree = BUILT_PRODUCTS_DIR; };
		DD0D6284267E7BB60021B988 /* UrlImageView.swift */ = {isa = PBXFileReference; fileEncoding = 4; lastKnownFileType = sourcecode.swift; path = UrlImageView.swift; sourceTree = "<group>"; };
		DD45CC06267B4A28000B0A99 /* FeedsView.swift */ = {isa = PBXFileReference; fileEncoding = 4; lastKnownFileType = sourcecode.swift; path = FeedsView.swift; sourceTree = "<group>"; };
		DD45CC09267B4AAC000B0A99 /* RssItem.swift */ = {isa = PBXFileReference; fileEncoding = 4; lastKnownFileType = sourcecode.swift; path = RssItem.swift; sourceTree = "<group>"; };
		DD45CC0A267B4AAC000B0A99 /* RssFeed.swift */ = {isa = PBXFileReference; fileEncoding = 4; lastKnownFileType = sourcecode.swift; path = RssFeed.swift; sourceTree = "<group>"; };
		DD6A3E0E267F273E005CD6DB /* String+matches.swift */ = {isa = PBXFileReference; fileEncoding = 4; lastKnownFileType = sourcecode.swift; path = "String+matches.swift"; sourceTree = "<group>"; };
		DD6A3E10267F3EF0005CD6DB /* ImageLoader.swift */ = {isa = PBXFileReference; fileEncoding = 4; lastKnownFileType = sourcecode.swift; path = ImageLoader.swift; sourceTree = "<group>"; };
		DD6A3E12267F4037005CD6DB /* FeedLogoView.swift */ = {isa = PBXFileReference; fileEncoding = 4; lastKnownFileType = sourcecode.swift; path = FeedLogoView.swift; sourceTree = "<group>"; };
		DD6F23F126872BF40008D549 /* ItemButtonView.swift */ = {isa = PBXFileReference; fileEncoding = 4; lastKnownFileType = sourcecode.swift; path = ItemButtonView.swift; sourceTree = "<group>"; };
		DD6F23F3268733560008D549 /* ServerResponse.swift */ = {isa = PBXFileReference; fileEncoding = 4; lastKnownFileType = sourcecode.swift; path = ServerResponse.swift; sourceTree = "<group>"; };
		DD7139A226887E0B0042F9AE /* ItemThumbnailView.swift */ = {isa = PBXFileReference; fileEncoding = 4; lastKnownFileType = sourcecode.swift; path = ItemThumbnailView.swift; sourceTree = "<group>"; };
		DD7C306F267DCB1400D88DD1 /* ActionBarView.swift */ = {isa = PBXFileReference; fileEncoding = 4; lastKnownFileType = sourcecode.swift; path = ActionBarView.swift; sourceTree = "<group>"; };
		DD7C3071267DCD9F00D88DD1 /* ApiWrapper.swift */ = {isa = PBXFileReference; fileEncoding = 4; lastKnownFileType = sourcecode.swift; path = ApiWrapper.swift; sourceTree = "<group>"; };
		DD7C3073267DD40800D88DD1 /* RssItemRowView.swift */ = {isa = PBXFileReference; fileEncoding = 4; lastKnownFileType = sourcecode.swift; path = RssItemRowView.swift; sourceTree = "<group>"; };
		DD80E6DF267CA6C7003B686A /* Util.swift */ = {isa = PBXFileReference; fileEncoding = 4; lastKnownFileType = sourcecode.swift; path = Util.swift; sourceTree = "<group>"; };
		DD85F22B267D29FD00561D97 /* ObservableArray.swift */ = {isa = PBXFileReference; fileEncoding = 4; lastKnownFileType = sourcecode.swift; path = ObservableArray.swift; sourceTree = "<group>"; };
		DD85F22F267D370F00561D97 /* AlertState.swift */ = {isa = PBXFileReference; fileEncoding = 4; lastKnownFileType = sourcecode.swift; path = AlertState.swift; sourceTree = "<group>"; };
		DD879A5E269093BC0058D01C /* SettingsTextField.swift */ = {isa = PBXFileReference; fileEncoding = 4; lastKnownFileType = sourcecode.swift; path = SettingsTextField.swift; sourceTree = "<group>"; };
		DD88D79B267CED0800BA6E91 /* RssFeedRowView.swift */ = {isa = PBXFileReference; fileEncoding = 4; lastKnownFileType = sourcecode.swift; path = RssFeedRowView.swift; sourceTree = "<group>"; };
		DD88D79C267CED0800BA6E91 /* SearchView.swift */ = {isa = PBXFileReference; fileEncoding = 4; lastKnownFileType = sourcecode.swift; path = SearchView.swift; sourceTree = "<group>"; };
		DD88D79F267CEE8F00BA6E91 /* ItemsView.swift */ = {isa = PBXFileReference; fileEncoding = 4; lastKnownFileType = sourcecode.swift; path = ItemsView.swift; sourceTree = "<group>"; };
		DD88D7A1267CF38000BA6E91 /* String+base64.swift */ = {isa = PBXFileReference; fileEncoding = 4; lastKnownFileType = sourcecode.swift; path = "String+base64.swift"; sourceTree = "<group>"; };
		DD9150F8267FCD7000F622C0 /* ServerConnectionError.swift */ = {isa = PBXFileReference; lastKnownFileType = sourcecode.swift; path = ServerConnectionError.swift; sourceTree = "<group>"; };
		DD939A1F2671FF970010BF19 /* SpriteSheet.swift */ = {isa = PBXFileReference; fileEncoding = 4; lastKnownFileType = sourcecode.swift; path = SpriteSheet.swift; sourceTree = "<group>"; };
		DD939A2326727D920010BF19 /* SpriteScene.swift */ = {isa = PBXFileReference; fileEncoding = 4; lastKnownFileType = sourcecode.swift; path = SpriteScene.swift; sourceTree = "<group>"; };
		DD939A252672A9370010BF19 /* Config.swift */ = {isa = PBXFileReference; fileEncoding = 4; lastKnownFileType = sourcecode.swift; path = Config.swift; sourceTree = "<group>"; };
		DDA951F22670F139003D760D /* moat.app */ = {isa = PBXFileReference; explicitFileType = wrapper.application; includeInIndex = 0; path = moat.app; sourceTree = BUILT_PRODUCTS_DIR; };
		DDA951F72670F139003D760D /* LoadingView.swift */ = {isa = PBXFileReference; lastKnownFileType = sourcecode.swift; path = LoadingView.swift; sourceTree = "<group>"; };
		DDA951F92670F13B003D760D /* Assets.xcassets */ = {isa = PBXFileReference; lastKnownFileType = folder.assetcatalog; path = Assets.xcassets; sourceTree = "<group>"; };
		DDA951FE2670F13B003D760D /* Info.plist */ = {isa = PBXFileReference; lastKnownFileType = text.plist.xml; path = Info.plist; sourceTree = "<group>"; };
		DDA952032670F13B003D760D /* moatTests.xctest */ = {isa = PBXFileReference; explicitFileType = wrapper.cfbundle; includeInIndex = 0; path = moatTests.xctest; sourceTree = BUILT_PRODUCTS_DIR; };
		DDA952072670F13B003D760D /* moatTests.swift */ = {isa = PBXFileReference; lastKnownFileType = sourcecode.swift; path = moatTests.swift; sourceTree = "<group>"; };
		DDA952092670F13B003D760D /* Info.plist */ = {isa = PBXFileReference; lastKnownFileType = text.plist.xml; path = Info.plist; sourceTree = "<group>"; };
		DDA9520E2670F13B003D760D /* moatUITests.xctest */ = {isa = PBXFileReference; explicitFileType = wrapper.cfbundle; includeInIndex = 0; path = moatUITests.xctest; sourceTree = BUILT_PRODUCTS_DIR; };
		DDA952122670F13B003D760D /* moatUITests.swift */ = {isa = PBXFileReference; lastKnownFileType = sourcecode.swift; path = moatUITests.swift; sourceTree = "<group>"; };
		DDA952142670F13B003D760D /* Info.plist */ = {isa = PBXFileReference; lastKnownFileType = text.plist.xml; path = Info.plist; sourceTree = "<group>"; };
		DDD1585D267F4A60007B7D1E /* YtLogosApi.swift */ = {isa = PBXFileReference; fileEncoding = 4; lastKnownFileType = sourcecode.swift; path = YtLogosApi.swift; sourceTree = "<group>"; };
		DDD1585F267F526D007B7D1E /* LoadingTextView.swift */ = {isa = PBXFileReference; fileEncoding = 4; lastKnownFileType = sourcecode.swift; path = LoadingTextView.swift; sourceTree = "<group>"; };
		DDD15861267F6950007B7D1E /* InputField+customStyle.swift */ = {isa = PBXFileReference; fileEncoding = 4; lastKnownFileType = sourcecode.swift; path = "InputField+customStyle.swift"; sourceTree = "<group>"; };
		DDD6E182267361CD0039A899 /* Color+hex.swift */ = {isa = PBXFileReference; fileEncoding = 4; lastKnownFileType = sourcecode.swift; path = "Color+hex.swift"; sourceTree = "<group>"; };
		DDF203E2268BB62B00B85F83 /* moatApp.swift */ = {isa = PBXFileReference; fileEncoding = 4; lastKnownFileType = sourcecode.swift; path = moatApp.swift; sourceTree = "<group>"; };
		DDFB1313267C89B10033528E /* SettingsView.swift */ = {isa = PBXFileReference; fileEncoding = 4; lastKnownFileType = sourcecode.swift; path = SettingsView.swift; sourceTree = "<group>"; };
/* End PBXFileReference section */

/* Begin PBXFrameworksBuildPhase section */
		DDA951EF2670F139003D760D /* Frameworks */ = {
			isa = PBXFrameworksBuildPhase;
			buildActionMask = 2147483647;
			files = (
				BC0A64FC5ED9D01A1D4D270C /* Pods_moat.framework in Frameworks */,
			);
			runOnlyForDeploymentPostprocessing = 0;
		};
		DDA952002670F13B003D760D /* Frameworks */ = {
			isa = PBXFrameworksBuildPhase;
			buildActionMask = 2147483647;
			files = (
			);
			runOnlyForDeploymentPostprocessing = 0;
		};
		DDA9520B2670F13B003D760D /* Frameworks */ = {
			isa = PBXFrameworksBuildPhase;
			buildActionMask = 2147483647;
			files = (
			);
			runOnlyForDeploymentPostprocessing = 0;
		};
/* End PBXFrameworksBuildPhase section */

/* Begin PBXGroup section */
		4919571628B684EDF006284D /* Frameworks */ = {
			isa = PBXGroup;
			children = (
				A4B4F4D90BA92FC1F4C1F5E5 /* Pods_moat.framework */,
			);
			name = Frameworks;
			sourceTree = "<group>";
		};
		BD4DD9B32A8E0A5B0D6E04A6 /* Pods */ = {
			isa = PBXGroup;
			children = (
				07994357D446971DE3717A10 /* Pods-moat.debug.xcconfig */,
				872E42D68DFCD786EBA4929B /* Pods-moat.release.xcconfig */,
			);
			path = Pods;
			sourceTree = "<group>";
		};
		DD45CC05267B4A28000B0A99 /* Views */ = {
			isa = PBXGroup;
			children = (
				DD879A5E269093BC0058D01C /* SettingsTextField.swift */,
				DD7139A226887E0B0042F9AE /* ItemThumbnailView.swift */,
				DD6F23F126872BF40008D549 /* ItemButtonView.swift */,
				DDD1585F267F526D007B7D1E /* LoadingTextView.swift */,
				DD6A3E12267F4037005CD6DB /* FeedLogoView.swift */,
				DD0D6284267E7BB60021B988 /* UrlImageView.swift */,
				DD7C3073267DD40800D88DD1 /* RssItemRowView.swift */,
				DD7C306F267DCB1400D88DD1 /* ActionBarView.swift */,
				DD88D79F267CEE8F00BA6E91 /* ItemsView.swift */,
				DD88D79B267CED0800BA6E91 /* RssFeedRowView.swift */,
				DD88D79C267CED0800BA6E91 /* SearchView.swift */,
				DDA951F72670F139003D760D /* LoadingView.swift */,
				DDFB1313267C89B10033528E /* SettingsView.swift */,
				DD45CC06267B4A28000B0A99 /* FeedsView.swift */,
			);
			path = Views;
			sourceTree = "<group>";
		};
		DD45CC08267B4AAC000B0A99 /* Models */ = {
			isa = PBXGroup;
			children = (
				DD6F23F3268733560008D549 /* ServerResponse.swift */,
				DD85F22F267D370F00561D97 /* AlertState.swift */,
				DD85F22B267D29FD00561D97 /* ObservableArray.swift */,
				DD45CC09267B4AAC000B0A99 /* RssItem.swift */,
				DD45CC0A267B4AAC000B0A99 /* RssFeed.swift */,
				DD9150F8267FCD7000F622C0 /* ServerConnectionError.swift */,
			);
			path = Models;
			sourceTree = "<group>";
		};
		DD80E6DE267CA6C7003B686A /* Util */ = {
			isa = PBXGroup;
			children = (
				DDD15861267F6950007B7D1E /* InputField+customStyle.swift */,
				DDD1585D267F4A60007B7D1E /* YtLogosApi.swift */,
				DD6A3E10267F3EF0005CD6DB /* ImageLoader.swift */,
				DD6A3E0E267F273E005CD6DB /* String+matches.swift */,
				DD7C3071267DCD9F00D88DD1 /* ApiWrapper.swift */,
				DD88D7A1267CF38000BA6E91 /* String+base64.swift */,
				DDD6E182267361CD0039A899 /* Color+hex.swift */,
				DD80E6DF267CA6C7003B686A /* Util.swift */,
				DD939A2326727D920010BF19 /* SpriteScene.swift */,
				DD939A1F2671FF970010BF19 /* SpriteSheet.swift */,
			);
			path = Util;
			sourceTree = "<group>";
		};
		DDA951E92670F139003D760D = {
			isa = PBXGroup;
			children = (
				DDA951F42670F139003D760D /* moat */,
				DDA952062670F13B003D760D /* moatTests */,
				DDA952112670F13B003D760D /* moatUITests */,
				DDA951F32670F139003D760D /* Products */,
				BD4DD9B32A8E0A5B0D6E04A6 /* Pods */,
				4919571628B684EDF006284D /* Frameworks */,
			);
			sourceTree = "<group>";
		};
		DDA951F32670F139003D760D /* Products */ = {
			isa = PBXGroup;
			children = (
				DDA951F22670F139003D760D /* moat.app */,
				DDA952032670F13B003D760D /* moatTests.xctest */,
				DDA9520E2670F13B003D760D /* moatUITests.xctest */,
			);
			name = Products;
			sourceTree = "<group>";
		};
		DDA951F42670F139003D760D /* moat */ = {
			isa = PBXGroup;
			children = (
				DDF203E2268BB62B00B85F83 /* moatApp.swift */,
				DD80E6DE267CA6C7003B686A /* Util */,
				DD45CC08267B4AAC000B0A99 /* Models */,
				DD45CC05267B4A28000B0A99 /* Views */,
				DD939A252672A9370010BF19 /* Config.swift */,
				DDA951F92670F13B003D760D /* Assets.xcassets */,
				DDA951FE2670F13B003D760D /* Info.plist */,
			);
			path = moat;
			sourceTree = "<group>";
		};
		DDA952062670F13B003D760D /* moatTests */ = {
			isa = PBXGroup;
			children = (
				DDA952072670F13B003D760D /* moatTests.swift */,
				DDA952092670F13B003D760D /* Info.plist */,
			);
			path = moatTests;
			sourceTree = "<group>";
		};
		DDA952112670F13B003D760D /* moatUITests */ = {
			isa = PBXGroup;
			children = (
				DDA952122670F13B003D760D /* moatUITests.swift */,
				DDA952142670F13B003D760D /* Info.plist */,
			);
			path = moatUITests;
			sourceTree = "<group>";
		};
/* End PBXGroup section */

/* Begin PBXNativeTarget section */
		DDA951F12670F139003D760D /* moat */ = {
			isa = PBXNativeTarget;
			buildConfigurationList = DDA952172670F13B003D760D /* Build configuration list for PBXNativeTarget "moat" */;
			buildPhases = (
				66C890885ADA9C8860AA6CC1 /* [CP] Check Pods Manifest.lock */,
				DDA951EE2670F139003D760D /* Sources */,
				DDA951EF2670F139003D760D /* Frameworks */,
				DDA951F02670F139003D760D /* Resources */,
				3E379F657DBB7543CBFD6B5C /* [CP] Embed Pods Frameworks */,
			);
			buildRules = (
			);
			dependencies = (
			);
			name = moat;
			productName = moat;
			productReference = DDA951F22670F139003D760D /* moat.app */;
			productType = "com.apple.product-type.application";
		};
		DDA952022670F13B003D760D /* moatTests */ = {
			isa = PBXNativeTarget;
			buildConfigurationList = DDA9521A2670F13B003D760D /* Build configuration list for PBXNativeTarget "moatTests" */;
			buildPhases = (
				DDA951FF2670F13B003D760D /* Sources */,
				DDA952002670F13B003D760D /* Frameworks */,
				DDA952012670F13B003D760D /* Resources */,
			);
			buildRules = (
			);
			dependencies = (
				DDA952052670F13B003D760D /* PBXTargetDependency */,
			);
			name = moatTests;
			productName = moatTests;
			productReference = DDA952032670F13B003D760D /* moatTests.xctest */;
			productType = "com.apple.product-type.bundle.unit-test";
		};
		DDA9520D2670F13B003D760D /* moatUITests */ = {
			isa = PBXNativeTarget;
			buildConfigurationList = DDA9521D2670F13B003D760D /* Build configuration list for PBXNativeTarget "moatUITests" */;
			buildPhases = (
				DDA9520A2670F13B003D760D /* Sources */,
				DDA9520B2670F13B003D760D /* Frameworks */,
				DDA9520C2670F13B003D760D /* Resources */,
			);
			buildRules = (
			);
			dependencies = (
				DDA952102670F13B003D760D /* PBXTargetDependency */,
			);
			name = moatUITests;
			productName = moatUITests;
			productReference = DDA9520E2670F13B003D760D /* moatUITests.xctest */;
			productType = "com.apple.product-type.bundle.ui-testing";
		};
/* End PBXNativeTarget section */

/* Begin PBXProject section */
		DDA951EA2670F139003D760D /* Project object */ = {
			isa = PBXProject;
			attributes = {
				LastSwiftUpdateCheck = 1250;
				LastUpgradeCheck = 1250;
				TargetAttributes = {
					DDA951F12670F139003D760D = {
						CreatedOnToolsVersion = 12.5;
					};
					DDA952022670F13B003D760D = {
						CreatedOnToolsVersion = 12.5;
						TestTargetID = DDA951F12670F139003D760D;
					};
					DDA9520D2670F13B003D760D = {
						CreatedOnToolsVersion = 12.5;
						TestTargetID = DDA951F12670F139003D760D;
					};
				};
			};
			buildConfigurationList = DDA951ED2670F139003D760D /* Build configuration list for PBXProject "moat" */;
			compatibilityVersion = "Xcode 9.3";
			developmentRegion = en;
			hasScannedForEncodings = 0;
			knownRegions = (
				en,
				Base,
			);
			mainGroup = DDA951E92670F139003D760D;
			productRefGroup = DDA951F32670F139003D760D /* Products */;
			projectDirPath = "";
			projectRoot = "";
			targets = (
				DDA951F12670F139003D760D /* moat */,
				DDA952022670F13B003D760D /* moatTests */,
				DDA9520D2670F13B003D760D /* moatUITests */,
			);
		};
/* End PBXProject section */

/* Begin PBXResourcesBuildPhase section */
		DDA951F02670F139003D760D /* Resources */ = {
			isa = PBXResourcesBuildPhase;
			buildActionMask = 2147483647;
			files = (
				DDA951FA2670F13B003D760D /* Assets.xcassets in Resources */,
			);
			runOnlyForDeploymentPostprocessing = 0;
		};
		DDA952012670F13B003D760D /* Resources */ = {
			isa = PBXResourcesBuildPhase;
			buildActionMask = 2147483647;
			files = (
			);
			runOnlyForDeploymentPostprocessing = 0;
		};
		DDA9520C2670F13B003D760D /* Resources */ = {
			isa = PBXResourcesBuildPhase;
			buildActionMask = 2147483647;
			files = (
			);
			runOnlyForDeploymentPostprocessing = 0;
		};
/* End PBXResourcesBuildPhase section */

/* Begin PBXShellScriptBuildPhase section */
		3E379F657DBB7543CBFD6B5C /* [CP] Embed Pods Frameworks */ = {
			isa = PBXShellScriptBuildPhase;
			buildActionMask = 2147483647;
			files = (
			);
			inputFileListPaths = (
				"${PODS_ROOT}/Target Support Files/Pods-moat/Pods-moat-frameworks-${CONFIGURATION}-input-files.xcfilelist",
			);
			name = "[CP] Embed Pods Frameworks";
			outputFileListPaths = (
				"${PODS_ROOT}/Target Support Files/Pods-moat/Pods-moat-frameworks-${CONFIGURATION}-output-files.xcfilelist",
			);
			runOnlyForDeploymentPostprocessing = 0;
			shellPath = /bin/sh;
			shellScript = "\"${PODS_ROOT}/Target Support Files/Pods-moat/Pods-moat-frameworks.sh\"\n";
			showEnvVarsInLog = 0;
		};
		66C890885ADA9C8860AA6CC1 /* [CP] Check Pods Manifest.lock */ = {
			isa = PBXShellScriptBuildPhase;
			buildActionMask = 2147483647;
			files = (
			);
			inputFileListPaths = (
			);
			inputPaths = (
				"${PODS_PODFILE_DIR_PATH}/Podfile.lock",
				"${PODS_ROOT}/Manifest.lock",
			);
			name = "[CP] Check Pods Manifest.lock";
			outputFileListPaths = (
			);
			outputPaths = (
				"$(DERIVED_FILE_DIR)/Pods-moat-checkManifestLockResult.txt",
			);
			runOnlyForDeploymentPostprocessing = 0;
			shellPath = /bin/sh;
			shellScript = "diff \"${PODS_PODFILE_DIR_PATH}/Podfile.lock\" \"${PODS_ROOT}/Manifest.lock\" > /dev/null\nif [ $? != 0 ] ; then\n    # print error to STDERR\n    echo \"error: The sandbox is not in sync with the Podfile.lock. Run 'pod install' or update your CocoaPods installation.\" >&2\n    exit 1\nfi\n# This output is used by Xcode 'outputs' to avoid re-running this script phase.\necho \"SUCCESS\" > \"${SCRIPT_OUTPUT_FILE_0}\"\n";
			showEnvVarsInLog = 0;
		};
/* End PBXShellScriptBuildPhase section */

/* Begin PBXSourcesBuildPhase section */
		DDA951EE2670F139003D760D /* Sources */ = {
			isa = PBXSourcesBuildPhase;
			buildActionMask = 2147483647;
			files = (
				DDA951F82670F139003D760D /* LoadingView.swift in Sources */,
				DD45CC0C267B4AAC000B0A99 /* RssFeed.swift in Sources */,
				DD9150F9267FCD7000F622C0 /* ServerConnectionError.swift in Sources */,
				DD939A262672A9370010BF19 /* Config.swift in Sources */,
				DD6A3E0F267F273E005CD6DB /* String+matches.swift in Sources */,
				DD85F230267D370F00561D97 /* AlertState.swift in Sources */,
				DD6F23F226872BF40008D549 /* ItemButtonView.swift in Sources */,
				DD85F22C267D29FD00561D97 /* ObservableArray.swift in Sources */,
				DD7C3072267DCD9F00D88DD1 /* ApiWrapper.swift in Sources */,
				DDD6E183267361CD0039A899 /* Color+hex.swift in Sources */,
				DDFB1314267C89B10033528E /* SettingsView.swift in Sources */,
				DD7139A326887E0B0042F9AE /* ItemThumbnailView.swift in Sources */,
				DD879A5F269093BC0058D01C /* SettingsTextField.swift in Sources */,
				DD88D79D267CED0800BA6E91 /* RssFeedRowView.swift in Sources */,
				DD80E6E0267CA6C7003B686A /* Util.swift in Sources */,
				DD88D79E267CED0800BA6E91 /* SearchView.swift in Sources */,
				DD88D7A2267CF38000BA6E91 /* String+base64.swift in Sources */,
				DD88D7A0267CEE8F00BA6E91 /* ItemsView.swift in Sources */,
				DD6A3E11267F3EF0005CD6DB /* ImageLoader.swift in Sources */,
				DD939A2426727D920010BF19 /* SpriteScene.swift in Sources */,
				DD6F23F4268733560008D549 /* ServerResponse.swift in Sources */,
				DD7C3070267DCB1500D88DD1 /* ActionBarView.swift in Sources */,
				DDF203E3268BB62B00B85F83 /* moatApp.swift in Sources */,
				DD939A202671FF970010BF19 /* SpriteSheet.swift in Sources */,
				DDD15862267F6950007B7D1E /* InputField+customStyle.swift in Sources */,
				DD7C3074267DD40800D88DD1 /* RssItemRowView.swift in Sources */,
				DDD1585E267F4A60007B7D1E /* YtLogosApi.swift in Sources */,
				DD45CC07267B4A28000B0A99 /* FeedsView.swift in Sources */,
				DD6A3E13267F4037005CD6DB /* FeedLogoView.swift in Sources */,
				DDD15860267F526D007B7D1E /* LoadingTextView.swift in Sources */,
				DD45CC0B267B4AAC000B0A99 /* RssItem.swift in Sources */,
				DD0D6285267E7BB60021B988 /* UrlImageView.swift in Sources */,
			);
			runOnlyForDeploymentPostprocessing = 0;
		};
		DDA951FF2670F13B003D760D /* Sources */ = {
			isa = PBXSourcesBuildPhase;
			buildActionMask = 2147483647;
			files = (
				DDA952082670F13B003D760D /* moatTests.swift in Sources */,
			);
			runOnlyForDeploymentPostprocessing = 0;
		};
		DDA9520A2670F13B003D760D /* Sources */ = {
			isa = PBXSourcesBuildPhase;
			buildActionMask = 2147483647;
			files = (
				DDA952132670F13B003D760D /* moatUITests.swift in Sources */,
			);
			runOnlyForDeploymentPostprocessing = 0;
		};
/* End PBXSourcesBuildPhase section */

/* Begin PBXTargetDependency section */
		DDA952052670F13B003D760D /* PBXTargetDependency */ = {
			isa = PBXTargetDependency;
			target = DDA951F12670F139003D760D /* moat */;
			targetProxy = DDA952042670F13B003D760D /* PBXContainerItemProxy */;
		};
		DDA952102670F13B003D760D /* PBXTargetDependency */ = {
			isa = PBXTargetDependency;
			target = DDA951F12670F139003D760D /* moat */;
			targetProxy = DDA9520F2670F13B003D760D /* PBXContainerItemProxy */;
		};
/* End PBXTargetDependency section */

/* Begin XCBuildConfiguration section */
		DDA952152670F13B003D760D /* Debug */ = {
			isa = XCBuildConfiguration;
			buildSettings = {
				ALWAYS_EMBED_SWIFT_STANDARD_LIBRARIES = "$(inherited)";
				ALWAYS_SEARCH_USER_PATHS = NO;
				CLANG_ANALYZER_NONNULL = YES;
				CLANG_ANALYZER_NUMBER_OBJECT_CONVERSION = YES_AGGRESSIVE;
				CLANG_CXX_LANGUAGE_STANDARD = "gnu++14";
				CLANG_CXX_LIBRARY = "libc++";
				CLANG_ENABLE_MODULES = YES;
				CLANG_ENABLE_OBJC_ARC = YES;
				CLANG_ENABLE_OBJC_WEAK = YES;
				CLANG_WARN_BLOCK_CAPTURE_AUTORELEASING = YES;
				CLANG_WARN_BOOL_CONVERSION = YES;
				CLANG_WARN_COMMA = YES;
				CLANG_WARN_CONSTANT_CONVERSION = YES;
				CLANG_WARN_DEPRECATED_OBJC_IMPLEMENTATIONS = YES;
				CLANG_WARN_DIRECT_OBJC_ISA_USAGE = YES_ERROR;
				CLANG_WARN_DOCUMENTATION_COMMENTS = YES;
				CLANG_WARN_EMPTY_BODY = YES;
				CLANG_WARN_ENUM_CONVERSION = YES;
				CLANG_WARN_INFINITE_RECURSION = YES;
				CLANG_WARN_INT_CONVERSION = YES;
				CLANG_WARN_NON_LITERAL_NULL_CONVERSION = YES;
				CLANG_WARN_OBJC_IMPLICIT_RETAIN_SELF = YES;
				CLANG_WARN_OBJC_LITERAL_CONVERSION = YES;
				CLANG_WARN_OBJC_ROOT_CLASS = YES_ERROR;
				CLANG_WARN_QUOTED_INCLUDE_IN_FRAMEWORK_HEADER = YES;
				CLANG_WARN_RANGE_LOOP_ANALYSIS = YES;
				CLANG_WARN_STRICT_PROTOTYPES = YES;
				CLANG_WARN_SUSPICIOUS_MOVE = YES;
				CLANG_WARN_UNGUARDED_AVAILABILITY = YES_AGGRESSIVE;
				CLANG_WARN_UNREACHABLE_CODE = YES;
				CLANG_WARN__DUPLICATE_METHOD_MATCH = YES;
				COPY_PHASE_STRIP = NO;
				DEBUG_INFORMATION_FORMAT = dwarf;
				ENABLE_STRICT_OBJC_MSGSEND = YES;
				ENABLE_TESTABILITY = YES;
				GCC_C_LANGUAGE_STANDARD = gnu11;
				GCC_DYNAMIC_NO_PIC = NO;
				GCC_NO_COMMON_BLOCKS = YES;
				GCC_OPTIMIZATION_LEVEL = 0;
				GCC_PREPROCESSOR_DEFINITIONS = (
					"DEBUG=1",
					"$(inherited)",
				);
				GCC_WARN_64_TO_32_BIT_CONVERSION = YES;
				GCC_WARN_ABOUT_RETURN_TYPE = YES_ERROR;
				GCC_WARN_UNDECLARED_SELECTOR = YES;
				GCC_WARN_UNINITIALIZED_AUTOS = YES_AGGRESSIVE;
				GCC_WARN_UNUSED_FUNCTION = YES;
				GCC_WARN_UNUSED_VARIABLE = YES;
				IPHONEOS_DEPLOYMENT_TARGET = 14.5;
				MTL_ENABLE_DEBUG_INFO = INCLUDE_SOURCE;
				MTL_FAST_MATH = YES;
				ONLY_ACTIVE_ARCH = YES;
				SDKROOT = iphoneos;
				SWIFT_ACTIVE_COMPILATION_CONDITIONS = DEBUG;
				SWIFT_OPTIMIZATION_LEVEL = "-Onone";
			};
			name = Debug;
		};
		DDA952162670F13B003D760D /* Release */ = {
			isa = XCBuildConfiguration;
			buildSettings = {
				ALWAYS_EMBED_SWIFT_STANDARD_LIBRARIES = "$(inherited)";
				ALWAYS_SEARCH_USER_PATHS = NO;
				CLANG_ANALYZER_NONNULL = YES;
				CLANG_ANALYZER_NUMBER_OBJECT_CONVERSION = YES_AGGRESSIVE;
				CLANG_CXX_LANGUAGE_STANDARD = "gnu++14";
				CLANG_CXX_LIBRARY = "libc++";
				CLANG_ENABLE_MODULES = YES;
				CLANG_ENABLE_OBJC_ARC = YES;
				CLANG_ENABLE_OBJC_WEAK = YES;
				CLANG_WARN_BLOCK_CAPTURE_AUTORELEASING = YES;
				CLANG_WARN_BOOL_CONVERSION = YES;
				CLANG_WARN_COMMA = YES;
				CLANG_WARN_CONSTANT_CONVERSION = YES;
				CLANG_WARN_DEPRECATED_OBJC_IMPLEMENTATIONS = YES;
				CLANG_WARN_DIRECT_OBJC_ISA_USAGE = YES_ERROR;
				CLANG_WARN_DOCUMENTATION_COMMENTS = YES;
				CLANG_WARN_EMPTY_BODY = YES;
				CLANG_WARN_ENUM_CONVERSION = YES;
				CLANG_WARN_INFINITE_RECURSION = YES;
				CLANG_WARN_INT_CONVERSION = YES;
				CLANG_WARN_NON_LITERAL_NULL_CONVERSION = YES;
				CLANG_WARN_OBJC_IMPLICIT_RETAIN_SELF = YES;
				CLANG_WARN_OBJC_LITERAL_CONVERSION = YES;
				CLANG_WARN_OBJC_ROOT_CLASS = YES_ERROR;
				CLANG_WARN_QUOTED_INCLUDE_IN_FRAMEWORK_HEADER = YES;
				CLANG_WARN_RANGE_LOOP_ANALYSIS = YES;
				CLANG_WARN_STRICT_PROTOTYPES = YES;
				CLANG_WARN_SUSPICIOUS_MOVE = YES;
				CLANG_WARN_UNGUARDED_AVAILABILITY = YES_AGGRESSIVE;
				CLANG_WARN_UNREACHABLE_CODE = YES;
				CLANG_WARN__DUPLICATE_METHOD_MATCH = YES;
				COPY_PHASE_STRIP = NO;
				DEBUG_INFORMATION_FORMAT = "dwarf-with-dsym";
				ENABLE_NS_ASSERTIONS = NO;
				ENABLE_STRICT_OBJC_MSGSEND = YES;
				GCC_C_LANGUAGE_STANDARD = gnu11;
				GCC_NO_COMMON_BLOCKS = YES;
				GCC_WARN_64_TO_32_BIT_CONVERSION = YES;
				GCC_WARN_ABOUT_RETURN_TYPE = YES_ERROR;
				GCC_WARN_UNDECLARED_SELECTOR = YES;
				GCC_WARN_UNINITIALIZED_AUTOS = YES_AGGRESSIVE;
				GCC_WARN_UNUSED_FUNCTION = YES;
				GCC_WARN_UNUSED_VARIABLE = YES;
				IPHONEOS_DEPLOYMENT_TARGET = 14.5;
				MTL_ENABLE_DEBUG_INFO = NO;
				MTL_FAST_MATH = YES;
				SDKROOT = iphoneos;
				SWIFT_COMPILATION_MODE = wholemodule;
				SWIFT_OPTIMIZATION_LEVEL = "-O";
				VALIDATE_PRODUCT = YES;
			};
			name = Release;
		};
		DDA952182670F13B003D760D /* Debug */ = {
			isa = XCBuildConfiguration;
			baseConfigurationReference = 07994357D446971DE3717A10 /* Pods-moat.debug.xcconfig */;
			buildSettings = {
				ASSETCATALOG_COMPILER_APPICON_NAME = AppIcon;
				ASSETCATALOG_COMPILER_GLOBAL_ACCENT_COLOR_NAME = AccentColor;
				CODE_SIGN_STYLE = Automatic;
				DEVELOPMENT_TEAM = R394CK45KY;
				ENABLE_PREVIEWS = YES;
				INFOPLIST_FILE = moat/Info.plist;
				IPHONEOS_DEPLOYMENT_TARGET = 14.0;
				LD_RUNPATH_SEARCH_PATHS = (
					"$(inherited)",
					"@executable_path/Frameworks",
				);
				PRODUCT_BUNDLE_IDENTIFIER = com..moat;
				PRODUCT_NAME = "$(TARGET_NAME)";
				SWIFT_ACTIVE_COMPILATION_CONDITIONS = DEBUG;
				SWIFT_VERSION = 5.0;
				TARGETED_DEVICE_FAMILY = 1;
			};
			name = Debug;
		};
		DDA952192670F13B003D760D /* Release */ = {
			isa = XCBuildConfiguration;
			baseConfigurationReference = 872E42D68DFCD786EBA4929B /* Pods-moat.release.xcconfig */;
			buildSettings = {
				ASSETCATALOG_COMPILER_APPICON_NAME = AppIcon;
				ASSETCATALOG_COMPILER_GLOBAL_ACCENT_COLOR_NAME = AccentColor;
				CODE_SIGN_STYLE = Automatic;
				DEVELOPMENT_TEAM = R394CK45KY;
				ENABLE_PREVIEWS = YES;
				INFOPLIST_FILE = moat/Info.plist;
				IPHONEOS_DEPLOYMENT_TARGET = 14.0;
				LD_RUNPATH_SEARCH_PATHS = (
					"$(inherited)",
					"@executable_path/Frameworks",
				);
				PRODUCT_BUNDLE_IDENTIFIER = com..moat;
				PRODUCT_NAME = "$(TARGET_NAME)";
				SWIFT_VERSION = 5.0;
				TARGETED_DEVICE_FAMILY = 1;
			};
			name = Release;
		};
		DDA9521B2670F13B003D760D /* Debug */ = {
			isa = XCBuildConfiguration;
			buildSettings = {
				ALWAYS_EMBED_SWIFT_STANDARD_LIBRARIES = YES;
				BUNDLE_LOADER = "$(TEST_HOST)";
				CODE_SIGN_STYLE = Automatic;
				DEVELOPMENT_TEAM = R394CK45KY;
				INFOPLIST_FILE = moatTests/Info.plist;
				IPHONEOS_DEPLOYMENT_TARGET = 14.0;
				LD_RUNPATH_SEARCH_PATHS = (
					"$(inherited)",
					"@executable_path/Frameworks",
					"@loader_path/Frameworks",
				);
				PRODUCT_BUNDLE_IDENTIFIER = com..moatTests;
				PRODUCT_NAME = "$(TARGET_NAME)";
				SWIFT_VERSION = 5.0;
				TARGETED_DEVICE_FAMILY = "1,2";
				TEST_HOST = "$(BUILT_PRODUCTS_DIR)/moat.app/moat";
			};
			name = Debug;
		};
		DDA9521C2670F13B003D760D /* Release */ = {
			isa = XCBuildConfiguration;
			buildSettings = {
				ALWAYS_EMBED_SWIFT_STANDARD_LIBRARIES = YES;
				BUNDLE_LOADER = "$(TEST_HOST)";
				CODE_SIGN_STYLE = Automatic;
				DEVELOPMENT_TEAM = R394CK45KY;
				INFOPLIST_FILE = moatTests/Info.plist;
				IPHONEOS_DEPLOYMENT_TARGET = 14.0;
				LD_RUNPATH_SEARCH_PATHS = (
					"$(inherited)",
					"@executable_path/Frameworks",
					"@loader_path/Frameworks",
				);
				PRODUCT_BUNDLE_IDENTIFIER = com..moatTests;
				PRODUCT_NAME = "$(TARGET_NAME)";
				SWIFT_VERSION = 5.0;
				TARGETED_DEVICE_FAMILY = "1,2";
				TEST_HOST = "$(BUILT_PRODUCTS_DIR)/moat.app/moat";
			};
			name = Release;
		};
		DDA9521E2670F13B003D760D /* Debug */ = {
			isa = XCBuildConfiguration;
			buildSettings = {
				ALWAYS_EMBED_SWIFT_STANDARD_LIBRARIES = YES;
				CODE_SIGN_STYLE = Automatic;
				DEVELOPMENT_TEAM = R394CK45KY;
				INFOPLIST_FILE = moatUITests/Info.plist;
				LD_RUNPATH_SEARCH_PATHS = (
					"$(inherited)",
					"@executable_path/Frameworks",
					"@loader_path/Frameworks",
				);
				PRODUCT_BUNDLE_IDENTIFIER = com..moatUITests;
				PRODUCT_NAME = "$(TARGET_NAME)";
				SWIFT_VERSION = 5.0;
				TARGETED_DEVICE_FAMILY = "1,2";
				TEST_TARGET_NAME = moat;
			};
			name = Debug;
		};
		DDA9521F2670F13B003D760D /* Release */ = {
			isa = XCBuildConfiguration;
			buildSettings = {
				ALWAYS_EMBED_SWIFT_STANDARD_LIBRARIES = YES;
				CODE_SIGN_STYLE = Automatic;
				DEVELOPMENT_TEAM = R394CK45KY;
				INFOPLIST_FILE = moatUITests/Info.plist;
				LD_RUNPATH_SEARCH_PATHS = (
					"$(inherited)",
					"@executable_path/Frameworks",
					"@loader_path/Frameworks",
				);
				PRODUCT_BUNDLE_IDENTIFIER = com..moatUITests;
				PRODUCT_NAME = "$(TARGET_NAME)";
				SWIFT_VERSION = 5.0;
				TARGETED_DEVICE_FAMILY = "1,2";
				TEST_TARGET_NAME = moat;
			};
			name = Release;
		};
/* End XCBuildConfiguration section */

/* Begin XCConfigurationList section */
		DDA951ED2670F139003D760D /* Build configuration list for PBXProject "moat" */ = {
			isa = XCConfigurationList;
			buildConfigurations = (
				DDA952152670F13B003D760D /* Debug */,
				DDA952162670F13B003D760D /* Release */,
			);
			defaultConfigurationIsVisible = 0;
			defaultConfigurationName = Release;
		};
		DDA952172670F13B003D760D /* Build configuration list for PBXNativeTarget "moat" */ = {
			isa = XCConfigurationList;
			buildConfigurations = (
				DDA952182670F13B003D760D /* Debug */,
				DDA952192670F13B003D760D /* Release */,
			);
			defaultConfigurationIsVisible = 0;
			defaultConfigurationName = Release;
		};
		DDA9521A2670F13B003D760D /* Build configuration list for PBXNativeTarget "moatTests" */ = {
			isa = XCConfigurationList;
			buildConfigurations = (
				DDA9521B2670F13B003D760D /* Debug */,
				DDA9521C2670F13B003D760D /* Release */,
			);
			defaultConfigurationIsVisible = 0;
			defaultConfigurationName = Release;
		};
		DDA9521D2670F13B003D760D /* Build configuration list for PBXNativeTarget "moatUITests" */ = {
			isa = XCConfigurationList;
			buildConfigurations = (
				DDA9521E2670F13B003D760D /* Debug */,
				DDA9521F2670F13B003D760D /* Release */,
			);
			defaultConfigurationIsVisible = 0;
			defaultConfigurationName = Release;
		};
/* End XCConfigurationList section */
	};
	rootObject = DDA951EA2670F139003D760D /* Project object */;
}
